
Microsoft Visual Studio Solution File, Format Version 12.00
# Visual Studio 2012
Project("{FAE04EC0-301F-11D3-BF4B-00C04F79EFBC}") = "Beinder", "Beinder\Beinder.csproj", "{53DD8C10-EB4A-4F35-B7DE-00E9F7FA58D1}"
EndProject
Project("{FAE04EC0-301F-11D3-BF4B-00C04F79EFBC}") = "Beinder.Test", "Beinder.Test\Beinder.Test.csproj", "{7C9E0237-3D85-4028-B60E-E243AFA290D9}"
EndProject
Global
	GlobalSection(SolutionConfigurationPlatforms) = preSolution
		Debug|Any CPU = Debug|Any CPU
		Release|Any CPU = Release|Any CPU
	EndGlobalSection
	GlobalSection(ProjectConfigurationPlatforms) = postSolution
		{53DD8C10-EB4A-4F35-B7DE-00E9F7FA58D1}.Debug|Any CPU.ActiveCfg = Debug|Any CPU
		{53DD8C10-EB4A-4F35-B7DE-00E9F7FA58D1}.Debug|Any CPU.Build.0 = Debug|Any CPU
		{53DD8C10-EB4A-4F35-B7DE-00E9F7FA58D1}.Release|Any CPU.ActiveCfg = Release|Any CPU
		{53DD8C10-EB4A-4F35-B7DE-00E9F7FA58D1}.Release|Any CPU.Build.0 = Release|Any CPU
		{7C9E0237-3D85-4028-B60E-E243AFA290D9}.Debug|Any CPU.ActiveCfg = Debug|Any CPU
		{7C9E0237-3D85-4028-B60E-E243AFA290D9}.Debug|Any CPU.Build.0 = Debug|Any CPU
		{7C9E0237-3D85-4028-B60E-E243AFA290D9}.Release|Any CPU.ActiveCfg = Release|Any CPU
		{7C9E0237-3D85-4028-B60E-E243AFA290D9}.Release|Any CPU.Build.0 = Release|Any CPU
	EndGlobalSection
EndGlobal
